Microsoft Visual Studio Solution File, Format Version 12.00
# Visual Studio 2012
Project("{F184B08F-C81C-45F6-A57F-5ABD9991F28F}") = "T148944", "T148944\T148944.vbproj", "{404FF69C-2130-4548-BA9C-C89BBE014835}"
EndProject
Project("{F184B08F-C81C-45F6-A57F-5ABD9991F28F}") = "T148944.Web", "T148944.Web\T148944.Web.vbproj", "{5AD0A96F-E4D2-48A5-A975-EEAD6C9AE24B}"
EndProject
Project("{F184B08F-C81C-45F6-A57F-5ABD9991F28F}") = "Reports", "Reports\Reports.vbproj", "{241819DE-A9F0-46C4-ADF7-8D865FB86C80}"
EndProject
Global
	GlobalSection(SolutionConfigurationPlatforms) = preSolution
		Debug|Any CPU = Debug|Any CPU
		Release|Any CPU = Release|Any CPU
	EndGlobalSection
	GlobalSection(ProjectConfigurationPlatforms) = postSolution
		{404FF69C-2130-4548-BA9C-C89BBE014835}.Debug|Any CPU.ActiveCfg = Debug|Any CPU
		{404FF69C-2130-4548-BA9C-C89BBE014835}.Debug|Any CPU.Build.0 = Debug|Any CPU
		{404FF69C-2130-4548-BA9C-C89BBE014835}.Release|Any CPU.ActiveCfg = Release|Any CPU
		{404FF69C-2130-4548-BA9C-C89BBE014835}.Release|Any CPU.Build.0 = Release|Any CPU
		{5AD0A96F-E4D2-48A5-A975-EEAD6C9AE24B}.Debug|Any CPU.ActiveCfg = Debug|Any CPU
		{5AD0A96F-E4D2-48A5-A975-EEAD6C9AE24B}.Debug|Any CPU.Build.0 = Debug|Any CPU
		{5AD0A96F-E4D2-48A5-A975-EEAD6C9AE24B}.Release|Any CPU.ActiveCfg = Release|Any CPU
		{5AD0A96F-E4D2-48A5-A975-EEAD6C9AE24B}.Release|Any CPU.Build.0 = Release|Any CPU
		{241819DE-A9F0-46C4-ADF7-8D865FB86C80}.Debug|Any CPU.ActiveCfg = Debug|Any CPU
		{241819DE-A9F0-46C4-ADF7-8D865FB86C80}.Debug|Any CPU.Build.0 = Debug|Any CPU
		{241819DE-A9F0-46C4-ADF7-8D865FB86C80}.Release|Any CPU.ActiveCfg = Release|Any CPU
		{241819DE-A9F0-46C4-ADF7-8D865FB86C80}.Release|Any CPU.Build.0 = Release|Any CPU
	EndGlobalSection
	GlobalSection(SolutionProperties) = preSolution
		HideSolutionNode = FALSE
	EndGlobalSection
EndGlobal
